{
  "name": "colorepl",
  "version": "0.0.5",
  "lockfileVersion": 1,
  "requires": true,
  "dependencies": {
    "zeelib": {
      "version": "7.0.2",
      "resolved": "https://registry.npmjs.org/zeelib/-/zeelib-7.0.2.tgz",
      "integrity": "sha512-H+6fa4t8vdRMkWSVAiFD+bluPOfJ8gLmB0TfV8M42k36hehyEiAgUvI4Bv5qu8zfrRy5SMvfNOkUIIXMZ4q88Q=="
    }
  }
}
